
Microsoft Visual Studio Solution File, Format Version 12.00
# Visual Studio 15
VisualStudioVersion = 15.0.26430.12
MinimumVisualStudioVersion = 10.0.40219.1
Project("{00D1A9C2-B5F0-4AF3-8072-F6C62B433612}") = "TitanDB", "TitanDB\TitanDB.sqlproj", "{1A710D2D-9829-4FEF-9B46-03B63CB2F738}"
EndProject
Project("{FAE04EC0-301F-11D3-BF4B-00C04F79EFBC}") = "TitanWebAPI", "TitanWebAPI\TitanWebAPI.csproj", "{D08AF86B-3588-43AC-9288-96491909E2FE}"
EndProject
Global
	GlobalSection(SolutionConfigurationPlatforms) = preSolution
		Debug|Any CPU = Debug|Any CPU
		Release|Any CPU = Release|Any CPU
	EndGlobalSection
	GlobalSection(ProjectConfigurationPlatforms) = postSolution
		{1A710D2D-9829-4FEF-9B46-03B63CB2F738}.Debug|Any CPU.ActiveCfg = Debug|Any CPU
		{1A710D2D-9829-4FEF-9B46-03B63CB2F738}.Debug|Any CPU.Build.0 = Debug|Any CPU
		{1A710D2D-9829-4FEF-9B46-03B63CB2F738}.Debug|Any CPU.Deploy.0 = Debug|Any CPU
		{1A710D2D-9829-4FEF-9B46-03B63CB2F738}.Release|Any CPU.ActiveCfg = Release|Any CPU
		{1A710D2D-9829-4FEF-9B46-03B63CB2F738}.Release|Any CPU.Build.0 = Release|Any CPU
		{1A710D2D-9829-4FEF-9B46-03B63CB2F738}.Release|Any CPU.Deploy.0 = Release|Any CPU
		{D08AF86B-3588-43AC-9288-96491909E2FE}.Debug|Any CPU.ActiveCfg = Debug|Any CPU
		{D08AF86B-3588-43AC-9288-96491909E2FE}.Debug|Any CPU.Build.0 = Debug|Any CPU
		{D08AF86B-3588-43AC-9288-96491909E2FE}.Release|Any CPU.ActiveCfg = Release|Any CPU
		{D08AF86B-3588-43AC-9288-96491909E2FE}.Release|Any CPU.Build.0 = Release|Any CPU
	EndGlobalSection
	GlobalSection(SolutionProperties) = preSolution
		HideSolutionNode = FALSE
	EndGlobalSection
EndGlobal
